
Microsoft Visual Studio Solution File, Format Version 12.00
# Visual Studio Version 16
VisualStudioVersion = 16.0.28803.452
MinimumVisualStudioVersion = 10.0.40219.1
Project("{9A19103F-16F7-4668-BE54-9A1E7A4F7556}") = "Listing_4_1", "Listing_4_1\Listing_4_1.csproj", "{D93E2050-6B05-40DA-8F94-1C109A6152F4}"
EndProject
Project("{9A19103F-16F7-4668-BE54-9A1E7A4F7556}") = "RVJ.Core", "RVJ.Core\RVJ.Core.csproj", "{87443EF2-06E7-4D86-AB00-77FC82069136}"
EndProject
Global
	GlobalSection(SolutionConfigurationPlatforms) = preSolution
		Debug|Any CPU = Debug|Any CPU
		Release|Any CPU = Release|Any CPU
	EndGlobalSection
	GlobalSection(ProjectConfigurationPlatforms) = postSolution
		{D93E2050-6B05-40DA-8F94-1C109A6152F4}.Debug|Any CPU.ActiveCfg = Debug|Any CPU
		{D93E2050-6B05-40DA-8F94-1C109A6152F4}.Debug|Any CPU.Build.0 = Debug|Any CPU
		{D93E2050-6B05-40DA-8F94-1C109A6152F4}.Release|Any CPU.ActiveCfg = Release|Any CPU
		{D93E2050-6B05-40DA-8F94-1C109A6152F4}.Release|Any CPU.Build.0 = Release|Any CPU
		{87443EF2-06E7-4D86-AB00-77FC82069136}.Debug|Any CPU.ActiveCfg = Debug|Any CPU
		{87443EF2-06E7-4D86-AB00-77FC82069136}.Debug|Any CPU.Build.0 = Debug|Any CPU
		{87443EF2-06E7-4D86-AB00-77FC82069136}.Release|Any CPU.ActiveCfg = Release|Any CPU
		{87443EF2-06E7-4D86-AB00-77FC82069136}.Release|Any CPU.Build.0 = Release|Any CPU
	EndGlobalSection
	GlobalSection(SolutionProperties) = preSolution
		HideSolutionNode = FALSE
	EndGlobalSection
	GlobalSection(ExtensibilityGlobals) = postSolution
		SolutionGuid = {2531433E-EE79-4448-A32C-3495C7EE9002}
	EndGlobalSection
	
EndGlobal
